
Microsoft Visual Studio Solution File, Format Version 12.00
# Visual Studio 15
VisualStudioVersion = 15.0.27130.2036
MinimumVisualStudioVersion = 10.0.40219.1
Project("{FAE04EC0-301F-11D3-BF4B-00C04F79EFBC}") = "QLTV", "QLTV\QLTV.csproj", "{FEB6DC3D-005C-4F5F-8EF6-F04E7686A6F5}"
EndProject
Global
	GlobalSection(SolutionConfigurationPlatforms) = preSolution
		Debug|Any CPU = Debug|Any CPU
		Release|Any CPU = Release|Any CPU
	EndGlobalSection
	GlobalSection(ProjectConfigurationPlatforms) = postSolution
		{FEB6DC3D-005C-4F5F-8EF6-F04E7686A6F5}.Debug|Any CPU.ActiveCfg = Debug|Any CPU
		{FEB6DC3D-005C-4F5F-8EF6-F04E7686A6F5}.Debug|Any CPU.Build.0 = Debug|Any CPU
		{FEB6DC3D-005C-4F5F-8EF6-F04E7686A6F5}.Release|Any CPU.ActiveCfg = Release|Any CPU
		{FEB6DC3D-005C-4F5F-8EF6-F04E7686A6F5}.Release|Any CPU.Build.0 = Release|Any CPU
	EndGlobalSection
	GlobalSection(SolutionProperties) = preSolution
		HideSolutionNode = FALSE
	EndGlobalSection
	GlobalSection(ExtensibilityGlobals) = postSolution
		SolutionGuid = {B0ADA6AB-F766-4B0C-A885-093F04818FE8}
	EndGlobalSection
EndGlobal
